
Microsoft Visual Studio Solution File, Format Version 12.00
# Visual Studio 15
VisualStudioVersion = 15.0.27703.2042
MinimumVisualStudioVersion = 10.0.40219.1
Project("{8BC9CEB8-8B4A-11D0-8D11-00A0C91BC942}") = "day_19", "day_19\day_19.vcxproj", "{AEF10D29-621A-4936-A214-E8182EFB3800}"
EndProject
Global
	GlobalSection(SolutionConfigurationPlatforms) = preSolution
		Debug|x64 = Debug|x64
		Debug|x86 = Debug|x86
		Release|x64 = Release|x64
		Release|x86 = Release|x86
	EndGlobalSection
	GlobalSection(ProjectConfigurationPlatforms) = postSolution
		{AEF10D29-621A-4936-A214-E8182EFB3800}.Debug|x64.ActiveCfg = Debug|x64
		{AEF10D29-621A-4936-A214-E8182EFB3800}.Debug|x64.Build.0 = Debug|x64
		{AEF10D29-621A-4936-A214-E8182EFB3800}.Debug|x86.ActiveCfg = Debug|Win32
		{AEF10D29-621A-4936-A214-E8182EFB3800}.Debug|x86.Build.0 = Debug|Win32
		{AEF10D29-621A-4936-A214-E8182EFB3800}.Release|x64.ActiveCfg = Release|x64
		{AEF10D29-621A-4936-A214-E8182EFB3800}.Release|x64.Build.0 = Release|x64
		{AEF10D29-621A-4936-A214-E8182EFB3800}.Release|x86.ActiveCfg = Release|Win32
		{AEF10D29-621A-4936-A214-E8182EFB3800}.Release|x86.Build.0 = Release|Win32
	EndGlobalSection
	GlobalSection(SolutionProperties) = preSolution
		HideSolutionNode = FALSE
	EndGlobalSection
	GlobalSection(ExtensibilityGlobals) = postSolution
		SolutionGuid = {A17119F4-66EE-48B6-B9AA-84CA9297A4A1}
	EndGlobalSection
EndGlobal
